
Microsoft Visual Studio Solution File, Format Version 12.00
# Visual Studio 2013
VisualStudioVersion = 12.0.31101.0
MinimumVisualStudioVersion = 10.0.40219.1
Project("{FAE04EC0-301F-11D3-BF4B-00C04F79EFBC}") = "e-shop", "e-shop\e-shop.csproj", "{F3E61C86-4E4C-4EB1-ABDE-C903898E99F4}"
EndProject
Global
	GlobalSection(SolutionConfigurationPlatforms) = preSolution
		Debug|Any CPU = Debug|Any CPU
		Release|Any CPU = Release|Any CPU
	EndGlobalSection
	GlobalSection(ProjectConfigurationPlatforms) = postSolution
		{F3E61C86-4E4C-4EB1-ABDE-C903898E99F4}.Debug|Any CPU.ActiveCfg = Debug|Any CPU
		{F3E61C86-4E4C-4EB1-ABDE-C903898E99F4}.Debug|Any CPU.Build.0 = Debug|Any CPU
		{F3E61C86-4E4C-4EB1-ABDE-C903898E99F4}.Release|Any CPU.ActiveCfg = Release|Any CPU
		{F3E61C86-4E4C-4EB1-ABDE-C903898E99F4}.Release|Any CPU.Build.0 = Release|Any CPU
	EndGlobalSection
	GlobalSection(SolutionProperties) = preSolution
		HideSolutionNode = FALSE
	EndGlobalSection
EndGlobal
